
Microsoft Visual Studio Solution File, Format Version 12.00
# Visual Studio Version 17
VisualStudioVersion = 17.8.34322.80
MinimumVisualStudioVersion = 10.0.40219.1
Project("{FAE04EC0-301F-11D3-BF4B-00C04F79EFBC}") = "E-Commerce API", "E-Commerce API\E-Commerce API.csproj", "{1DF322EA-EE5A-45FD-92CE-11817683DCA4}"
EndProject
Project("{FAE04EC0-301F-11D3-BF4B-00C04F79EFBC}") = "E-Commerce Application", "E-Commerce Application\E-Commerce Application.csproj", "{62858DC8-00B0-4FBF-B5DE-0204DFB4766E}"
EndProject
Project("{FAE04EC0-301F-11D3-BF4B-00C04F79EFBC}") = "E-Commerce Infrastructure", "E-Commerce Infrastructure\E-Commerce Infrastructure.csproj", "{F311F64A-6789-4FCE-9CA9-9F97168C8948}"
EndProject
Project("{FAE04EC0-301F-11D3-BF4B-00C04F79EFBC}") = "E-Commerce Domain", "E-Commerce Domain\E-Commerce Domain.csproj", "{62202FD3-1EEB-4AEA-9984-CDDE9268EE57}"
EndProject
Project("{FAE04EC0-301F-11D3-BF4B-00C04F79EFBC}") = "E-Commerce Contracts", "E-Commerce Contracts\E-Commerce Contracts.csproj", "{D385780D-5C1B-4DF7-B315-20E46B786346}"
EndProject
Global
	GlobalSection(SolutionConfigurationPlatforms) = preSolution
		Debug|Any CPU = Debug|Any CPU
		Release|Any CPU = Release|Any CPU
	EndGlobalSection
	GlobalSection(ProjectConfigurationPlatforms) = postSolution
		{1DF322EA-EE5A-45FD-92CE-11817683DCA4}.Debug|Any CPU.ActiveCfg = Debug|Any CPU
		{1DF322EA-EE5A-45FD-92CE-11817683DCA4}.Debug|Any CPU.Build.0 = Debug|Any CPU
		{1DF322EA-EE5A-45FD-92CE-11817683DCA4}.Release|Any CPU.ActiveCfg = Release|Any CPU
		{1DF322EA-EE5A-45FD-92CE-11817683DCA4}.Release|Any CPU.Build.0 = Release|Any CPU
		{62858DC8-00B0-4FBF-B5DE-0204DFB4766E}.Debug|Any CPU.ActiveCfg = Debug|Any CPU
		{62858DC8-00B0-4FBF-B5DE-0204DFB4766E}.Debug|Any CPU.Build.0 = Debug|Any CPU
		{62858DC8-00B0-4FBF-B5DE-0204DFB4766E}.Release|Any CPU.ActiveCfg = Release|Any CPU
		{62858DC8-00B0-4FBF-B5DE-0204DFB4766E}.Release|Any CPU.Build.0 = Release|Any CPU
		{F311F64A-6789-4FCE-9CA9-9F97168C8948}.Debug|Any CPU.ActiveCfg = Debug|Any CPU
		{F311F64A-6789-4FCE-9CA9-9F97168C8948}.Debug|Any CPU.Build.0 = Debug|Any CPU
		{F311F64A-6789-4FCE-9CA9-9F97168C8948}.Release|Any CPU.ActiveCfg = Release|Any CPU
		{F311F64A-6789-4FCE-9CA9-9F97168C8948}.Release|Any CPU.Build.0 = Release|Any CPU
		{62202FD3-1EEB-4AEA-9984-CDDE9268EE57}.Debug|Any CPU.ActiveCfg = Debug|Any CPU
		{62202FD3-1EEB-4AEA-9984-CDDE9268EE57}.Debug|Any CPU.Build.0 = Debug|Any CPU
		{62202FD3-1EEB-4AEA-9984-CDDE9268EE57}.Release|Any CPU.ActiveCfg = Release|Any CPU
		{62202FD3-1EEB-4AEA-9984-CDDE9268EE57}.Release|Any CPU.Build.0 = Release|Any CPU
		{D385780D-5C1B-4DF7-B315-20E46B786346}.Debug|Any CPU.ActiveCfg = Debug|Any CPU
		{D385780D-5C1B-4DF7-B315-20E46B786346}.Debug|Any CPU.Build.0 = Debug|Any CPU
		{D385780D-5C1B-4DF7-B315-20E46B786346}.Release|Any CPU.ActiveCfg = Release|Any CPU
		{D385780D-5C1B-4DF7-B315-20E46B786346}.Release|Any CPU.Build.0 = Release|Any CPU
	EndGlobalSection
	GlobalSection(SolutionProperties) = preSolution
		HideSolutionNode = FALSE
	EndGlobalSection
	GlobalSection(ExtensibilityGlobals) = postSolution
		SolutionGuid = {C9AAACFF-47D6-41A6-B974-BCD829EFC59F}
	EndGlobalSection
EndGlobal
